
Microsoft Visual Studio Solution File, Format Version 12.00
# Visual Studio 15
VisualStudioVersion = 15.0.28010.2026
MinimumVisualStudioVersion = 10.0.40219.1
Project("{FAE04EC0-301F-11D3-BF4B-00C04F79EFBC}") = "TextToClip", "TextToClip\TextToClip.csproj", "{47AFF410-8A16-44DE-8244-27691EB6ED94}"
EndProject
Global
	GlobalSection(SolutionConfigurationPlatforms) = preSolution
		Debug|Any CPU = Debug|Any CPU
		Release|Any CPU = Release|Any CPU
	EndGlobalSection
	GlobalSection(ProjectConfigurationPlatforms) = postSolution
		{47AFF410-8A16-44DE-8244-27691EB6ED94}.Debug|Any CPU.ActiveCfg = Debug|Any CPU
		{47AFF410-8A16-44DE-8244-27691EB6ED94}.Debug|Any CPU.Build.0 = Debug|Any CPU
		{47AFF410-8A16-44DE-8244-27691EB6ED94}.Release|Any CPU.ActiveCfg = Release|Any CPU
		{47AFF410-8A16-44DE-8244-27691EB6ED94}.Release|Any CPU.Build.0 = Release|Any CPU
	EndGlobalSection
	GlobalSection(SolutionProperties) = preSolution
		HideSolutionNode = FALSE
	EndGlobalSection
	GlobalSection(ExtensibilityGlobals) = postSolution
		SolutionGuid = {6497B05B-EFFB-4DAB-8A6B-50F3179D9EE4}
	EndGlobalSection
EndGlobal
